
Microsoft Visual Studio Solution File, Format Version 12.00
# Visual Studio 15
VisualStudioVersion = 15.0.27428.2043
MinimumVisualStudioVersion = 10.0.40219.1
Project("{FAE04EC0-301F-11D3-BF4B-00C04F79EFBC}") = "Main1", "Main1\Main1.csproj", "{5A405F30-036F-4319-80D9-096B78E4A396}"
EndProject
Global
	GlobalSection(SolutionConfigurationPlatforms) = preSolution
		Debug|Any CPU = Debug|Any CPU
		Release|Any CPU = Release|Any CPU
	EndGlobalSection
	GlobalSection(ProjectConfigurationPlatforms) = postSolution
		{5A405F30-036F-4319-80D9-096B78E4A396}.Debug|Any CPU.ActiveCfg = Debug|Any CPU
		{5A405F30-036F-4319-80D9-096B78E4A396}.Debug|Any CPU.Build.0 = Debug|Any CPU
		{5A405F30-036F-4319-80D9-096B78E4A396}.Release|Any CPU.ActiveCfg = Release|Any CPU
		{5A405F30-036F-4319-80D9-096B78E4A396}.Release|Any CPU.Build.0 = Release|Any CPU
	EndGlobalSection
	GlobalSection(SolutionProperties) = preSolution
		HideSolutionNode = FALSE
	EndGlobalSection
	GlobalSection(ExtensibilityGlobals) = postSolution
		SolutionGuid = {65CFB359-1033-4217-809B-7C5BCDA5FD41}
	EndGlobalSection
EndGlobal
